# DO NOT EDIT MANUALLY - Managed by Fern Replay
version: "1.0"
generations:
  - commit_sha: eb4df965d53b1ff3d0d56c40d1438fced92cbd46
    tree_hash: b1323fa57f47f31ea8c6262f9cd3f58e7491a382
    timestamp: 2026-06-04T12:09:20.104Z
    cli_version: unknown
    generator_versions: {}
  - commit_sha: 07182c58884e0f962b44d00ad7f96ff714a14980
    tree_hash: ca0b35358fbd1447e3d15582f1d4902d459fa608
    timestamp: 2026-07-12T08:47:46.317Z
    cli_version: unknown
    generator_versions:
      fernapi/fern-python-sdk: 5.2.1
  - commit_sha: 01e78f41e4fec58eb9e7abb86134552d24fe9719
    tree_hash: 9931881d7a093df2f7a7eb78b63069352661ba61
    timestamp: 2026-07-12T11:16:56.268Z
    cli_version: unknown
    generator_versions:
      fernapi/fern-python-sdk: 5.2.1
  - commit_sha: 6024532b053a3840a191dbc9ba6c23d7a89635de
    tree_hash: a4169244d700aab1e53f175237b6d3a12220b85c
    timestamp: 2026-07-19T12:52:57.041Z
    cli_version: unknown
    generator_versions:
      fernapi/fern-python-sdk: 5.2.1
  - commit_sha: a8efc20e4b3ad2590965de42fa99377790276eeb
    tree_hash: 7a5ea97a67af44465d0ebabbed79f4bc3f753621
    timestamp: 2026-08-13T07:37:32.227Z
    cli_version: unknown
    generator_versions:
      fernapi/fern-python-sdk: 5.2.1
  - commit_sha: 0e3c2ae7dd58d16aa8c802dea0f0c1c8e43732ab
    tree_hash: 158a894fcd985430189d45bb5829d29ea8be242a
    timestamp: 2026-08-20T15:28:00.006Z
    cli_version: unknown
    generator_versions:
      fernapi/fern-python-sdk: 5.2.1
  - commit_sha: 9d2204f4d53581462b3f72cf072b3b1d133ce66f
    tree_hash: 4ab33966e35fd758008ee1c10c08cfa7779afafd
    timestamp: 2026-08-21T11:58:30.100Z
    cli_version: unknown
    generator_versions:
      fernapi/fern-python-sdk: 5.2.1
current_generation: 9d2204f4d53581462b3f72cf072b3b1d133ce66f
patches: []
