# DO NOT EDIT MANUALLY - Managed by Fern Replay
version: "1.0"
generations:
  - commit_sha: eb4df965d53b1ff3d0d56c40d1438fced92cbd46
    tree_hash: b1323fa57f47f31ea8c6262f9cd3f58e7491a382
    timestamp: 2026-06-03T13:58:49.716Z
    cli_version: unknown
    generator_versions: {}
current_generation: eb4df965d53b1ff3d0d56c40d1438fced92cbd46
patches: []
